{
	"name": "sveltekit-adapter-chrome-extension",
	"version": "1.3.0",
	"lockfileVersion": 1,
	"requires": true,
	"dependencies": {
		"@polka/url": {
			"version": "1.0.0-next.21",
			"resolved": "https://registry.npmjs.org/@polka/url/-/url-1.0.0-next.21.tgz",
			"integrity": "sha512-a5Sab1C4/icpTZVzZc5Ghpz88yQtGOyNqYXcZgOssB2uuAr+wF/MvN6bgtW32q7HHrvBki+BsZ0OuNv6EV3K9g==",
			"dev": true
		},
		"boolbase": {
			"version": "1.0.0",
			"resolved": "https://registry.npmjs.org/boolbase/-/boolbase-1.0.0.tgz",
			"integrity": "sha1-aN/1++YMUes3cl6p4+0xDcwed24=",
			"dev": true
		},
		"cheerio": {
			"version": "1.0.0-rc.10",
			"resolved": "https://registry.npmjs.org/cheerio/-/cheerio-1.0.0-rc.10.tgz",
			"integrity": "sha512-g0J0q/O6mW8z5zxQ3A8E8J1hUgp4SMOvEoW/x84OwyHKe/Zccz83PVT4y5Crcr530FV6NgmKI1qvGTKVl9XXVw==",
			"dev": true,
			"requires": {
				"cheerio-select": "^1.5.0",
				"dom-serializer": "^1.3.2",
				"domhandler": "^4.2.0",
				"htmlparser2": "^6.1.0",
				"parse5": "^6.0.1",
				"parse5-htmlparser2-tree-adapter": "^6.0.1",
				"tslib": "^2.2.0"
			}
		},
		"cheerio-select": {
			"version": "1.5.0",
			"resolved": "https://registry.npmjs.org/cheerio-select/-/cheerio-select-1.5.0.tgz",
			"integrity": "sha512-qocaHPv5ypefh6YNxvnbABM07KMxExbtbfuJoIie3iZXX1ERwYmJcIiRrr9H05ucQP1k28dav8rpdDgjQd8drg==",
			"dev": true,
			"requires": {
				"css-select": "^4.1.3",
				"css-what": "^5.0.1",
				"domelementtype": "^2.2.0",
				"domhandler": "^4.2.0",
				"domutils": "^2.7.0"
			}
		},
		"css-select": {
			"version": "4.2.1",
			"resolved": "https://registry.npmjs.org/css-select/-/css-select-4.2.1.tgz",
			"integrity": "sha512-/aUslKhzkTNCQUB2qTX84lVmfia9NyjP3WpDGtj/WxhwBzWBYUV3DgUpurHTme8UTPcPlAD1DJ+b0nN/t50zDQ==",
			"dev": true,
			"requires": {
				"boolbase": "^1.0.0",
				"css-what": "^5.1.0",
				"domhandler": "^4.3.0",
				"domutils": "^2.8.0",
				"nth-check": "^2.0.1"
			}
		},
		"css-what": {
			"version": "5.1.0",
			"resolved": "https://registry.npmjs.org/css-what/-/css-what-5.1.0.tgz",
			"integrity": "sha512-arSMRWIIFY0hV8pIxZMEfmMI47Wj3R/aWpZDDxWYCPEiOMv6tfOrnpDtgxBYPEQD4V0Y/958+1TdC3iWTFcUPw==",
			"dev": true
		},
		"dequal": {
			"version": "2.0.2",
			"resolved": "https://registry.npmjs.org/dequal/-/dequal-2.0.2.tgz",
			"integrity": "sha512-q9K8BlJVxK7hQYqa6XISGmBZbtQQWVXSrRrWreHC94rMt1QL/Impruc+7p2CYSYuVIUr+YCt6hjrs1kkdJRTug==",
			"dev": true
		},
		"diff": {
			"version": "5.0.0",
			"resolved": "https://registry.npmjs.org/diff/-/diff-5.0.0.tgz",
			"integrity": "sha512-/VTCrvm5Z0JGty/BWHljh+BAiw3IK+2j87NGMu8Nwc/f48WoDAC395uomO9ZD117ZOBaHmkX1oyLvkVM/aIT3w==",
			"dev": true
		},
		"dom-serializer": {
			"version": "1.3.2",
			"resolved": "https://registry.npmjs.org/dom-serializer/-/dom-serializer-1.3.2.tgz",
			"integrity": "sha512-5c54Bk5Dw4qAxNOI1pFEizPSjVsx5+bpJKmL2kPn8JhBUq2q09tTCa3mjijun2NfK78NMouDYNMBkOrPZiS+ig==",
			"dev": true,
			"requires": {
				"domelementtype": "^2.0.1",
				"domhandler": "^4.2.0",
				"entities": "^2.0.0"
			}
		},
		"domelementtype": {
			"version": "2.2.0",
			"resolved": "https://registry.npmjs.org/domelementtype/-/domelementtype-2.2.0.tgz",
			"integrity": "sha512-DtBMo82pv1dFtUmHyr48beiuq792Sxohr+8Hm9zoxklYPfa6n0Z3Byjj2IV7bmr2IyqClnqEQhfgHJJ5QF0R5A==",
			"dev": true
		},
		"domhandler": {
			"version": "4.3.0",
			"resolved": "https://registry.npmjs.org/domhandler/-/domhandler-4.3.0.tgz",
			"integrity": "sha512-fC0aXNQXqKSFTr2wDNZDhsEYjCiYsDWl3D01kwt25hm1YIPyDGHvvi3rw+PLqHAl/m71MaiF7d5zvBr0p5UB2g==",
			"dev": true,
			"requires": {
				"domelementtype": "^2.2.0"
			}
		},
		"domutils": {
			"version": "2.8.0",
			"resolved": "https://registry.npmjs.org/domutils/-/domutils-2.8.0.tgz",
			"integrity": "sha512-w96Cjofp72M5IIhpjgobBimYEfoPjx1Vx0BSX9P30WBdZW2WIKU0T1Bd0kz2eNZ9ikjKgHbEyKx8BB6H1L3h3A==",
			"dev": true,
			"requires": {
				"dom-serializer": "^1.0.1",
				"domelementtype": "^2.2.0",
				"domhandler": "^4.2.0"
			}
		},
		"entities": {
			"version": "2.2.0",
			"resolved": "https://registry.npmjs.org/entities/-/entities-2.2.0.tgz",
			"integrity": "sha512-p92if5Nz619I0w+akJrLZH0MX0Pb5DX39XOwQTtXSdQQOaYH03S1uIQp4mhOZtAXrxq4ViO67YTiLBo2638o9A==",
			"dev": true
		},
		"globalyzer": {
			"version": "0.1.0",
			"resolved": "https://registry.npmjs.org/globalyzer/-/globalyzer-0.1.0.tgz",
			"integrity": "sha512-40oNTM9UfG6aBmuKxk/giHn5nQ8RVz/SS4Ir6zgzOv9/qC3kKZ9v4etGTcJbEl/NyVQH7FGU7d+X1egr57Md2Q=="
		},
		"globrex": {
			"version": "0.1.2",
			"resolved": "https://registry.npmjs.org/globrex/-/globrex-0.1.2.tgz",
			"integrity": "sha512-uHJgbwAMwNFf5mLst7IWLNg14x1CkeqglJb/K3doi4dw6q2IvAAmM/Y81kevy83wP+Sst+nutFTYOGg3d1lsxg=="
		},
		"htmlparser2": {
			"version": "6.1.0",
			"resolved": "https://registry.npmjs.org/htmlparser2/-/htmlparser2-6.1.0.tgz",
			"integrity": "sha512-gyyPk6rgonLFEDGoeRgQNaEUvdJ4ktTmmUh/h2t7s+M8oPpIPxgNACWa+6ESR57kXstwqPiCut0V8NRpcwgU7A==",
			"dev": true,
			"requires": {
				"domelementtype": "^2.0.1",
				"domhandler": "^4.0.0",
				"domutils": "^2.5.2",
				"entities": "^2.0.0"
			}
		},
		"kleur": {
			"version": "4.1.4",
			"resolved": "https://registry.npmjs.org/kleur/-/kleur-4.1.4.tgz",
			"integrity": "sha512-8QADVssbrFjivHWQU7KkMgptGTl6WAcSdlbBPY4uNF+mWr6DGcKrvY2w4FQJoXch7+fKMjj0dRrL75vk3k23OA==",
			"dev": true
		},
		"mri": {
			"version": "1.2.0",
			"resolved": "https://registry.npmjs.org/mri/-/mri-1.2.0.tgz",
			"integrity": "sha512-tzzskb3bG8LvYGFF/mDTpq3jpI6Q9wc3LEmBaghu+DdCssd1FakN7Bc0hVNmEyGq1bq3RgfkCb3cmQLpNPOroA==",
			"dev": true
		},
		"mrmime": {
			"version": "1.0.0",
			"resolved": "https://registry.npmjs.org/mrmime/-/mrmime-1.0.0.tgz",
			"integrity": "sha512-a70zx7zFfVO7XpnQ2IX1Myh9yY4UYvfld/dikWRnsXxbyvMcfz+u6UfgNAtH+k2QqtJuzVpv6eLTx1G2+WKZbQ==",
			"dev": true
		},
		"nth-check": {
			"version": "2.0.1",
			"resolved": "https://registry.npmjs.org/nth-check/-/nth-check-2.0.1.tgz",
			"integrity": "sha512-it1vE95zF6dTT9lBsYbxvqh0Soy4SPowchj0UBGj/V6cTPnXXtQOPUbhZ6CmGzAD/rW22LQK6E96pcdJXk4A4w==",
			"dev": true,
			"requires": {
				"boolbase": "^1.0.0"
			}
		},
		"parse5": {
			"version": "6.0.1",
			"resolved": "https://registry.npmjs.org/parse5/-/parse5-6.0.1.tgz",
			"integrity": "sha512-Ofn/CTFzRGTTxwpNEs9PP93gXShHcTq255nzRYSKe8AkVpZY7e1fpmTfOyoIvjP5HG7Z2ZM7VS9PPhQGW2pOpw==",
			"dev": true
		},
		"parse5-htmlparser2-tree-adapter": {
			"version": "6.0.1",
			"resolved": "https://registry.npmjs.org/parse5-htmlparser2-tree-adapter/-/parse5-htmlparser2-tree-adapter-6.0.1.tgz",
			"integrity": "sha512-qPuWvbLgvDGilKc5BoicRovlT4MtYT6JfJyBOMDsKoiT+GiuP5qyrPCnR9HcPECIJJmZh5jRndyNThnhhb/vlA==",
			"dev": true,
			"requires": {
				"parse5": "^6.0.1"
			}
		},
		"port-authority": {
			"version": "1.1.2",
			"resolved": "https://registry.npmjs.org/port-authority/-/port-authority-1.1.2.tgz",
			"integrity": "sha512-me2dL+chJVb88zpE228MvA6wIRy1CuXxGTwI5hYe4DnSnXRbtJT+9ggRj+49kgHgs/AKMTKOt/EkTHSvQJmRXA==",
			"dev": true
		},
		"sade": {
			"version": "1.8.1",
			"resolved": "https://registry.npmjs.org/sade/-/sade-1.8.1.tgz",
			"integrity": "sha512-xal3CZX1Xlo/k4ApwCFrHVACi9fBqJ7V+mwhBsuf/1IOKbBy098Fex+Wa/5QMubw09pSZ/u8EY8PWgevJsXp1A==",
			"dev": true,
			"requires": {
				"mri": "^1.1.0"
			}
		},
		"sirv": {
			"version": "2.0.0",
			"resolved": "https://registry.npmjs.org/sirv/-/sirv-2.0.0.tgz",
			"integrity": "sha512-TT+4+zSM9LR8soWT5/4gOYHfB5a5XEOSV2LtmBRN5MUxi8kh7BSRGuoRYjeBaqhR4w+yx+k6t0OibDNgoLfF7w==",
			"dev": true,
			"requires": {
				"@polka/url": "^1.0.0-next.20",
				"mrmime": "^1.0.0",
				"totalist": "^2.0.0"
			}
		},
		"tiny-glob": {
			"version": "0.2.9",
			"resolved": "https://registry.npmjs.org/tiny-glob/-/tiny-glob-0.2.9.tgz",
			"integrity": "sha512-g/55ssRPUjShh+xkfx9UPDXqhckHEsHr4Vd9zX55oSdGZc/MD0m3sferOkwWtp98bv+kcVfEHtRJgBVJzelrzg==",
			"requires": {
				"globalyzer": "0.1.0",
				"globrex": "^0.1.2"
			}
		},
		"totalist": {
			"version": "2.0.0",
			"resolved": "https://registry.npmjs.org/totalist/-/totalist-2.0.0.tgz",
			"integrity": "sha512-+Y17F0YzxfACxTyjfhnJQEe7afPA0GSpYlFkl2VFMxYP7jshQf9gXV7cH47EfToBumFThfKBvfAcoUn6fdNeRQ==",
			"dev": true
		},
		"tslib": {
			"version": "2.3.1",
			"resolved": "https://registry.npmjs.org/tslib/-/tslib-2.3.1.tgz",
			"integrity": "sha512-77EbyPPpMz+FRFRuAFlWMtmgUWGe9UOG2Z25NqCwiIjRhOf5iKGuzSe5P2w1laq+FkRy4p+PCuVkJSGkzTEKVw==",
			"dev": true
		},
		"uvu": {
			"version": "0.5.3",
			"resolved": "https://registry.npmjs.org/uvu/-/uvu-0.5.3.tgz",
			"integrity": "sha512-brFwqA3FXzilmtnIyJ+CxdkInkY/i4ErvP7uV0DnUVxQcQ55reuHphorpF+tZoVHK2MniZ/VJzI7zJQoc9T9Yw==",
			"dev": true,
			"requires": {
				"dequal": "^2.0.0",
				"diff": "^5.0.0",
				"kleur": "^4.0.3",
				"sade": "^1.7.3"
			}
		}
	}
}
